// !$*UTF8*$!
{
	archiveVersion = 1;
	classes = {
	};
	objectVersion = 46;
	objects = {

/* Begin PBXBuildFile section */
		11FF34C01E07B28800567BE8 /* AppDelegate.swift in Sources */ = {isa = PBXBuildFile; fileRef = 11FF34BF1E07B28800567BE8 /* AppDelegate.swift */; };
		11FF34C21E07B28800567BE8 /* ViewController.swift in Sources */ = {isa = PBXBuildFile; fileRef = 11FF34C11E07B28800567BE8 /* ViewController.swift */; };
		11FF34C51E07B28800567BE8 /* Main.storyboard in Resources */ = {isa = PBXBuildFile; fileRef = 11FF34C31E07B28800567BE8 /* Main.storyboard */; };
		11FF34C71E07B28800567BE8 /* Assets.xcassets in Resources */ = {isa = PBXBuildFile; fileRef = 11FF34C61E07B28800567BE8 /* Assets.xcassets */; };
		11FF34CA1E07B28800567BE8 /* LaunchScreen.storyboard in Resources */ = {isa = PBXBuildFile; fileRef = 11FF34C81E07B28800567BE8 /* LaunchScreen.storyboard */; };
		11FF34D51E07B28900567BE8 /* JailbreakDetectionSwiftTests.swift in Sources */ = {isa = PBXBuildFile; fileRef = 11FF34D41E07B28900567BE8 /* JailbreakDetectionSwiftTests.swift */; };
		11FF34E01E07B28900567BE8 /* JailbreakDetectionSwiftUITests.swift in Sources */ = {isa = PBXBuildFile; fileRef = 11FF34DF1E07B28900567BE8 /* JailbreakDetectionSwiftUITests.swift */; };
/* End PBXBuildFile section */

/* Begin PBXContainerItemProxy section */
		11FF34D11E07B28900567BE8 /* PBXContainerItemProxy */ = {
			isa = PBXContainerItemProxy;
			containerPortal = 11FF34B41E07B28800567BE8 /* Project object */;
			proxyType = 1;
			remoteGlobalIDString = 11FF34BB1E07B28800567BE8;
			remoteInfo = JailbreakDetectionSwift;
		};
		11FF34DC1E07B28900567BE8 /* PBXContainerItemProxy */ = {
			isa = PBXContainerItemProxy;
			containerPortal = 11FF34B41E07B28800567BE8 /* Project object */;
			proxyType = 1;
			remoteGlobalIDString = 11FF34BB1E07B28800567BE8;
			remoteInfo = JailbreakDetectionSwift;
		};
/* End PBXContainerItemProxy section */

/* Begin PBXFileReference section */
		11FF34BC1E07B28800567BE8 /* JailbreakDetectionSwift.app */ = {isa = PBXFileReference; explicitFileType = wrapper.application; includeInIndex = 0; path = JailbreakDetectionSwift.app; sourceTree = BUILT_PRODUCTS_DIR; };
		11FF34BF1E07B28800567BE8 /* AppDelegate.swift */ = {isa = PBXFileReference; lastKnownFileType = sourcecode.swift; path = AppDelegate.swift; sourceTree = "<group>"; };
		11FF34C11E07B28800567BE8 /* ViewController.swift */ = {isa = PBXFileReference; lastKnownFileType = sourcecode.swift; path = ViewController.swift; sourceTree = "<group>"; };
		11FF34C41E07B28800567BE8 /* Base */ = {isa = PBXFileReference; lastKnownFileType = file.storyboard; name = Base; path = Base.lproj/Main.storyboard; sourceTree = "<group>"; };
		11FF34C61E07B28800567BE8 /* Assets.xcassets */ = {isa = PBXFileReference; lastKnownFileType = folder.assetcatalog; path = Assets.xcassets; sourceTree = "<group>"; };
		11FF34C91E07B28800567BE8 /* Base */ = {isa = PBXFileReference; lastKnownFileType = file.storyboard; name = Base; path = Base.lproj/LaunchScreen.storyboard; sourceTree = "<group>"; };
		11FF34CB1E07B28800567BE8 /* Info.plist */ = {isa = PBXFileReference; lastKnownFileType = text.plist.xml; path = Info.plist; sourceTree = "<group>"; };
		11FF34D01E07B28900567BE8 /* JailbreakDetectionSwiftTests.xctest */ = {isa = PBXFileReference; explicitFileType = wrapper.cfbundle; includeInIndex = 0; path = JailbreakDetectionSwiftTests.xctest; sourceTree = BUILT_PRODUCTS_DIR; };
		11FF34D41E07B28900567BE8 /* JailbreakDetectionSwiftTests.swift */ = {isa = PBXFileReference; lastKnownFileType = sourcecode.swift; path = JailbreakDetectionSwiftTests.swift; sourceTree = "<group>"; };
		11FF34D61E07B28900567BE8 /* Info.plist */ = {isa = PBXFileReference; lastKnownFileType = text.plist.xml; path = Info.plist; sourceTree = "<group>"; };
		11FF34DB1E07B28900567BE8 /* JailbreakDetectionSwiftUITests.xctest */ = {isa = PBXFileReference; explicitFileType = wrapper.cfbundle; includeInIndex = 0; path = JailbreakDetectionSwiftUITests.xctest; sourceTree = BUILT_PRODUCTS_DIR; };
		11FF34DF1E07B28900567BE8 /* JailbreakDetectionSwiftUITests.swift */ = {isa = PBXFileReference; lastKnownFileType = sourcecode.swift; path = JailbreakDetectionSwiftUITests.swift; sourceTree = "<group>"; };
		11FF34E11E07B28900567BE8 /* Info.plist */ = {isa = PBXFileReference; lastKnownFileType = text.plist.xml; path = Info.plist; sourceTree = "<group>"; };
/* End PBXFileReference section */

/* Begin PBXFrameworksBuildPhase section */
		11FF34B91E07B28800567BE8 /* Frameworks */ = {
			isa = PBXFrameworksBuildPhase;
			buildActionMask = 2147483647;
			files = (
			);
			runOnlyForDeploymentPostprocessing = 0;
		};
		11FF34CD1E07B28900567BE8 /* Frameworks */ = {
			isa = PBXFrameworksBuildPhase;
			buildActionMask = 2147483647;
			files = (
			);
			runOnlyForDeploymentPostprocessing = 0;
		};
		11FF34D81E07B28900567BE8 /* Frameworks */ = {
			isa = PBXFrameworksBuildPhase;
			buildActionMask = 2147483647;
			files = (
			);
			runOnlyForDeploymentPostprocessing = 0;
		};
/* End PBXFrameworksBuildPhase section */

/* Begin PBXGroup section */
		11FF34B31E07B28800567BE8 = {
			isa = PBXGroup;
			children = (
				11FF34BE1E07B28800567BE8 /* JailbreakDetectionSwift */,
				11FF34D31E07B28900567BE8 /* JailbreakDetectionSwiftTests */,
				11FF34DE1E07B28900567BE8 /* JailbreakDetectionSwiftUITests */,
				11FF34BD1E07B28800567BE8 /* Products */,
			);
			sourceTree = "<group>";
		};
		11FF34BD1E07B28800567BE8 /* Products */ = {
			isa = PBXGroup;
			children = (
				11FF34BC1E07B28800567BE8 /* JailbreakDetectionSwift.app */,
				11FF34D01E07B28900567BE8 /* JailbreakDetectionSwiftTests.xctest */,
				11FF34DB1E07B28900567BE8 /* JailbreakDetectionSwiftUITests.xctest */,
			);
			name = Products;
			sourceTree = "<group>";
		};
		11FF34BE1E07B28800567BE8 /* JailbreakDetectionSwift */ = {
			isa = PBXGroup;
			children = (
				11FF34BF1E07B28800567BE8 /* AppDelegate.swift */,
				11FF34C11E07B28800567BE8 /* ViewController.swift */,
				11FF34C31E07B28800567BE8 /* Main.storyboard */,
				11FF34C61E07B28800567BE8 /* Assets.xcassets */,
				11FF34C81E07B28800567BE8 /* LaunchScreen.storyboard */,
				11FF34CB1E07B28800567BE8 /* Info.plist */,
			);
			path = JailbreakDetectionSwift;
			sourceTree = "<group>";
		};
		11FF34D31E07B28900567BE8 /* JailbreakDetectionSwiftTests */ = {
			isa = PBXGroup;
			children = (
				11FF34D41E07B28900567BE8 /* JailbreakDetectionSwiftTests.swift */,
				11FF34D61E07B28900567BE8 /* Info.plist */,
			);
			path = JailbreakDetectionSwiftTests;
			sourceTree = "<group>";
		};
		11FF34DE1E07B28900567BE8 /* JailbreakDetectionSwiftUITests */ = {
			isa = PBXGroup;
			children = (
				11FF34DF1E07B28900567BE8 /* JailbreakDetectionSwiftUITests.swift */,
				11FF34E11E07B28900567BE8 /* Info.plist */,
			);
			path = JailbreakDetectionSwiftUITests;
			sourceTree = "<group>";
		};
/* End PBXGroup section */

/* Begin PBXNativeTarget section */
		11FF34BB1E07B28800567BE8 /* JailbreakDetectionSwift */ = {
			isa = PBXNativeTarget;
			buildConfigurationList = 11FF34E41E07B28900567BE8 /* Build configuration list for PBXNativeTarget "JailbreakDetectionSwift" */;
			buildPhases = (
				11FF34B81E07B28800567BE8 /* Sources */,
				11FF34B91E07B28800567BE8 /* Frameworks */,
				11FF34BA1E07B28800567BE8 /* Resources */,
			);
			buildRules = (
			);
			dependencies = (
			);
			name = JailbreakDetectionSwift;
			productName = JailbreakDetectionSwift;
			productReference = 11FF34BC1E07B28800567BE8 /* JailbreakDetectionSwift.app */;
			productType = "com.apple.product-type.application";
		};
		11FF34CF1E07B28900567BE8 /* JailbreakDetectionSwiftTests */ = {
			isa = PBXNativeTarget;
			buildConfigurationList = 11FF34E71E07B28900567BE8 /* Build configuration list for PBXNativeTarget "JailbreakDetectionSwiftTests" */;
			buildPhases = (
				11FF34CC1E07B28900567BE8 /* Sources */,
				11FF34CD1E07B28900567BE8 /* Frameworks */,
				11FF34CE1E07B28900567BE8 /* Resources */,
			);
			buildRules = (
			);
			dependencies = (
				11FF34D21E07B28900567BE8 /* PBXTargetDependency */,
			);
			name = JailbreakDetectionSwiftTests;
			productName = JailbreakDetectionSwiftTests;
			productReference = 11FF34D01E07B28900567BE8 /* JailbreakDetectionSwiftTests.xctest */;
			productType = "com.apple.product-type.bundle.unit-test";
		};
		11FF34DA1E07B28900567BE8 /* JailbreakDetectionSwiftUITests */ = {
			isa = PBXNativeTarget;
			buildConfigurationList = 11FF34EA1E07B28900567BE8 /* Build configuration list for PBXNativeTarget "JailbreakDetectionSwiftUITests" */;
			buildPhases = (
				11FF34D71E07B28900567BE8 /* Sources */,
				11FF34D81E07B28900567BE8 /* Frameworks */,
				11FF34D91E07B28900567BE8 /* Resources */,
			);
			buildRules = (
			);
			dependencies = (
				11FF34DD1E07B28900567BE8 /* PBXTargetDependency */,
			);
			name = JailbreakDetectionSwiftUITests;
			productName = JailbreakDetectionSwiftUITests;
			productReference = 11FF34DB1E07B28900567BE8 /* JailbreakDetectionSwiftUITests.xctest */;
			productType = "com.apple.product-type.bundle.ui-testing";
		};
/* End PBXNativeTarget section */

/* Begin PBXProject section */
		11FF34B41E07B28800567BE8 /* Project object */ = {
			isa = PBXProject;
			attributes = {
				LastSwiftUpdateCheck = 0810;
				LastUpgradeCheck = 0810;
				ORGANIZATIONNAME = "LAWZ Inc.";
				TargetAttributes = {
					11FF34BB1E07B28800567BE8 = {
						CreatedOnToolsVersion = 8.1;
						DevelopmentTeam = 5BDL38448J;
						ProvisioningStyle = Automatic;
					};
					11FF34CF1E07B28900567BE8 = {
						CreatedOnToolsVersion = 8.1;
						ProvisioningStyle = Automatic;
						TestTargetID = 11FF34BB1E07B28800567BE8;
					};
					11FF34DA1E07B28900567BE8 = {
						CreatedOnToolsVersion = 8.1;
						ProvisioningStyle = Automatic;
						TestTargetID = 11FF34BB1E07B28800567BE8;
					};
				};
			};
			buildConfigurationList = 11FF34B71E07B28800567BE8 /* Build configuration list for PBXProject "JailbreakDetectionSwift" */;
			compatibilityVersion = "Xcode 3.2";
			developmentRegion = English;
			hasScannedForEncodings = 0;
			knownRegions = (
				en,
				Base,
			);
			mainGroup = 11FF34B31E07B28800567BE8;
			productRefGroup = 11FF34BD1E07B28800567BE8 /* Products */;
			projectDirPath = "";
			projectRoot = "";
			targets = (
				11FF34BB1E07B28800567BE8 /* JailbreakDetectionSwift */,
				11FF34CF1E07B28900567BE8 /* JailbreakDetectionSwiftTests */,
				11FF34DA1E07B28900567BE8 /* JailbreakDetectionSwiftUITests */,
			);
		};
/* End PBXProject section */

/* Begin PBXResourcesBuildPhase section */
		11FF34BA1E07B28800567BE8 /* Resources */ = {
			isa = PBXResourcesBuildPhase;
			buildActionMask = 2147483647;
			files = (
				11FF34CA1E07B28800567BE8 /* LaunchScreen.storyboard in Resources */,
				11FF34C71E07B28800567BE8 /* Assets.xcassets in Resources */,
				11FF34C51E07B28800567BE8 /* Main.storyboard in Resources */,
			);
			runOnlyForDeploymentPostprocessing = 0;
		};
		11FF34CE1E07B28900567BE8 /* Resources */ = {
			isa = PBXResourcesBuildPhase;
			buildActionMask = 2147483647;
			files = (
			);
			runOnlyForDeploymentPostprocessing = 0;
		};
		11FF34D91E07B28900567BE8 /* Resources */ = {
			isa = PBXResourcesBuildPhase;
			buildActionMask = 2147483647;
			files = (
			);
			runOnlyForDeploymentPostprocessing = 0;
		};
/* End PBXResourcesBuildPhase section */

/* Begin PBXSourcesBuildPhase section */
		11FF34B81E07B28800567BE8 /* Sources */ = {
			isa = PBXSourcesBuildPhase;
			buildActionMask = 2147483647;
			files = (
				11FF34C21E07B28800567BE8 /* ViewController.swift in Sources */,
				11FF34C01E07B28800567BE8 /* AppDelegate.swift in Sources */,
			);
			runOnlyForDeploymentPostprocessing = 0;
		};
		11FF34CC1E07B28900567BE8 /* Sources */ = {
			isa = PBXSourcesBuildPhase;
			buildActionMask = 2147483647;
			files = (
				11FF34D51E07B28900567BE8 /* JailbreakDetectionSwiftTests.swift in Sources */,
			);
			runOnlyForDeploymentPostprocessing = 0;
		};
		11FF34D71E07B28900567BE8 /* Sources */ = {
			isa = PBXSourcesBuildPhase;
			buildActionMask = 2147483647;
			files = (
				11FF34E01E07B28900567BE8 /* JailbreakDetectionSwiftUITests.swift in Sources */,
			);
			runOnlyForDeploymentPostprocessing = 0;
		};
/* End PBXSourcesBuildPhase section */

/* Begin PBXTargetDependency section */
		11FF34D21E07B28900567BE8 /* PBXTargetDependency */ = {
			isa = PBXTargetDependency;
			target = 11FF34BB1E07B28800567BE8 /* JailbreakDetectionSwift */;
			targetProxy = 11FF34D11E07B28900567BE8 /* PBXContainerItemProxy */;
		};
		11FF34DD1E07B28900567BE8 /* PBXTargetDependency */ = {
			isa = PBXTargetDependency;
			target = 11FF34BB1E07B28800567BE8 /* JailbreakDetectionSwift */;
			targetProxy = 11FF34DC1E07B28900567BE8 /* PBXContainerItemProxy */;
		};
/* End PBXTargetDependency section */

/* Begin PBXVariantGroup section */
		11FF34C31E07B28800567BE8 /* Main.storyboard */ = {
			isa = PBXVariantGroup;
			children = (
				11FF34C41E07B28800567BE8 /* Base */,
			);
			name = Main.storyboard;
			sourceTree = "<group>";
		};
		11FF34C81E07B28800567BE8 /* LaunchScreen.storyboard */ = {
			isa = PBXVariantGroup;
			children = (
				11FF34C91E07B28800567BE8 /* Base */,
			);
			name = LaunchScreen.storyboard;
			sourceTree = "<group>";
		};
/* End PBXVariantGroup section */

/* Begin XCBuildConfiguration section */
		11FF34E21E07B28900567BE8 /* Debug */ = {
			isa = XCBuildConfiguration;
			buildSettings = {
				ALWAYS_SEARCH_USER_PATHS = NO;
				CLANG_ANALYZER_NONNULL = YES;
				CLANG_CXX_LANGUAGE_STANDARD = "gnu++0x";
				CLANG_CXX_LIBRARY = "libc++";
				CLANG_ENABLE_MODULES = YES;
				CLANG_ENABLE_OBJC_ARC = YES;
				CLANG_WARN_BOOL_CONVERSION = YES;
				CLANG_WARN_CONSTANT_CONVERSION = YES;
				CLANG_WARN_DIRECT_OBJC_ISA_USAGE = YES_ERROR;
				CLANG_WARN_DOCUMENTATION_COMMENTS = YES;
				CLANG_WARN_EMPTY_BODY = YES;
				CLANG_WARN_ENUM_CONVERSION = YES;
				CLANG_WARN_INFINITE_RECURSION = YES;
				CLANG_WARN_INT_CONVERSION = YES;
				CLANG_WARN_OBJC_ROOT_CLASS = YES_ERROR;
				CLANG_WARN_SUSPICIOUS_MOVES = YES;
				CLANG_WARN_UNREACHABLE_CODE = YES;
				CLANG_WARN__DUPLICATE_METHOD_MATCH = YES;
				"CODE_SIGN_IDENTITY[sdk=iphoneos*]" = "iPhone Developer";
				COPY_PHASE_STRIP = NO;
				DEBUG_INFORMATION_FORMAT = dwarf;
				ENABLE_STRICT_OBJC_MSGSEND = YES;
				ENABLE_TESTABILITY = YES;
				GCC_C_LANGUAGE_STANDARD = gnu99;
				GCC_DYNAMIC_NO_PIC = NO;
				GCC_NO_COMMON_BLOCKS = YES;
				GCC_OPTIMIZATION_LEVEL = 0;
				GCC_PREPROCESSOR_DEFINITIONS = (
					"DEBUG=1",
					"$(inherited)",
				);
				GCC_WARN_64_TO_32_BIT_CONVERSION = YES;
				GCC_WARN_ABOUT_RETURN_TYPE = YES_ERROR;
				GCC_WARN_UNDECLARED_SELECTOR = YES;
				GCC_WARN_UNINITIALIZED_AUTOS = YES_AGGRESSIVE;
				GCC_WARN_UNUSED_FUNCTION = YES;
				GCC_WARN_UNUSED_VARIABLE = YES;
				IPHONEOS_DEPLOYMENT_TARGET = 10.1;
				MTL_ENABLE_DEBUG_INFO = YES;
				ONLY_ACTIVE_ARCH = YES;
				SDKROOT = iphoneos;
				SWIFT_ACTIVE_COMPILATION_CONDITIONS = DEBUG;
				SWIFT_OPTIMIZATION_LEVEL = "-Onone";
			};
			name = Debug;
		};
		11FF34E31E07B28900567BE8 /* Release */ = {
			isa = XCBuildConfiguration;
			buildSettings = {
				ALWAYS_SEARCH_USER_PATHS = NO;
				CLANG_ANALYZER_NONNULL = YES;
				CLANG_CXX_LANGUAGE_STANDARD = "gnu++0x";
				CLANG_CXX_LIBRARY = "libc++";
				CLANG_ENABLE_MODULES = YES;
				CLANG_ENABLE_OBJC_ARC = YES;
				CLANG_WARN_BOOL_CONVERSION = YES;
				CLANG_WARN_CONSTANT_CONVERSION = YES;
				CLANG_WARN_DIRECT_OBJC_ISA_USAGE = YES_ERROR;
				CLANG_WARN_DOCUMENTATION_COMMENTS = YES;
				CLANG_WARN_EMPTY_BODY = YES;
				CLANG_WARN_ENUM_CONVERSION = YES;
				CLANG_WARN_INFINITE_RECURSION = YES;
				CLANG_WARN_INT_CONVERSION = YES;
				CLANG_WARN_OBJC_ROOT_CLASS = YES_ERROR;
				CLANG_WARN_SUSPICIOUS_MOVES = YES;
				CLANG_WARN_UNREACHABLE_CODE = YES;
				CLANG_WARN__DUPLICATE_METHOD_MATCH = YES;
				"CODE_SIGN_IDENTITY[sdk=iphoneos*]" = "iPhone Developer";
				COPY_PHASE_STRIP = NO;
				DEBUG_INFORMATION_FORMAT = "dwarf-with-dsym";
				ENABLE_NS_ASSERTIONS = NO;
				ENABLE_STRICT_OBJC_MSGSEND = YES;
				GCC_C_LANGUAGE_STANDARD = gnu99;
				GCC_NO_COMMON_BLOCKS = YES;
				GCC_WARN_64_TO_32_BIT_CONVERSION = YES;
				GCC_WARN_ABOUT_RETURN_TYPE = YES_ERROR;
				GCC_WARN_UNDECLARED_SELECTOR = YES;
				GCC_WARN_UNINITIALIZED_AUTOS = YES_AGGRESSIVE;
				GCC_WARN_UNUSED_FUNCTION = YES;
				GCC_WARN_UNUSED_VARIABLE = YES;
				IPHONEOS_DEPLOYMENT_TARGET = 10.1;
				MTL_ENABLE_DEBUG_INFO = NO;
				SDKROOT = iphoneos;
				SWIFT_OPTIMIZATION_LEVEL = "-Owholemodule";
				VALIDATE_PRODUCT = YES;
			};
			name = Release;
		};
		11FF34E51E07B28900567BE8 /* Debug */ = {
			isa = XCBuildConfiguration;
			buildSettings = {
				ASSETCATALOG_COMPILER_APPICON_NAME = AppIcon;
				DEVELOPMENT_TEAM = 5BDL38448J;
				INFOPLIST_FILE = JailbreakDetectionSwift/Info.plist;
				IPHONEOS_DEPLOYMENT_TARGET = 9.0;
				LD_RUNPATH_SEARCH_PATHS = "$(inherited) @executable_path/Frameworks";
				PRODUCT_BUNDLE_IDENTIFIER = com.lawz.JailbreakDetectionSwift;
				PRODUCT_NAME = "$(TARGET_NAME)";
				SWIFT_VERSION = 3.0;
			};
			name = Debug;
		};
		11FF34E61E07B28900567BE8 /* Release */ = {
			isa = XCBuildConfiguration;
			buildSettings = {
				ASSETCATALOG_COMPILER_APPICON_NAME = AppIcon;
				DEVELOPMENT_TEAM = 5BDL38448J;
				INFOPLIST_FILE = JailbreakDetectionSwift/Info.plist;
				IPHONEOS_DEPLOYMENT_TARGET = 9.0;
				LD_RUNPATH_SEARCH_PATHS = "$(inherited) @executable_path/Frameworks";
				PRODUCT_BUNDLE_IDENTIFIER = com.lawz.JailbreakDetectionSwift;
				PRODUCT_NAME = "$(TARGET_NAME)";
				SWIFT_VERSION = 3.0;
			};
			name = Release;
		};
		11FF34E81E07B28900567BE8 /* Debug */ = {
			isa = XCBuildConfiguration;
			buildSettings = {
				ALWAYS_EMBED_SWIFT_STANDARD_LIBRARIES = YES;
				BUNDLE_LOADER = "$(TEST_HOST)";
				INFOPLIST_FILE = JailbreakDetectionSwiftTests/Info.plist;
				LD_RUNPATH_SEARCH_PATHS = "$(inherited) @executable_path/Frameworks @loader_path/Frameworks";
				PRODUCT_BUNDLE_IDENTIFIER = com.lawz.JailbreakDetectionSwiftTests;
				PRODUCT_NAME = "$(TARGET_NAME)";
				SWIFT_VERSION = 3.0;
				TEST_HOST = "$(BUILT_PRODUCTS_DIR)/JailbreakDetectionSwift.app/JailbreakDetectionSwift";
			};
			name = Debug;
		};
		11FF34E91E07B28900567BE8 /* Release */ = {
			isa = XCBuildConfiguration;
			buildSettings = {
				ALWAYS_EMBED_SWIFT_STANDARD_LIBRARIES = YES;
				BUNDLE_LOADER = "$(TEST_HOST)";
				INFOPLIST_FILE = JailbreakDetectionSwiftTests/Info.plist;
				LD_RUNPATH_SEARCH_PATHS = "$(inherited) @executable_path/Frameworks @loader_path/Frameworks";
				PRODUCT_BUNDLE_IDENTIFIER = com.lawz.JailbreakDetectionSwiftTests;
				PRODUCT_NAME = "$(TARGET_NAME)";
				SWIFT_VERSION = 3.0;
				TEST_HOST = "$(BUILT_PRODUCTS_DIR)/JailbreakDetectionSwift.app/JailbreakDetectionSwift";
			};
			name = Release;
		};
		11FF34EB1E07B28900567BE8 /* Debug */ = {
			isa = XCBuildConfiguration;
			buildSettings = {
				ALWAYS_EMBED_SWIFT_STANDARD_LIBRARIES = YES;
				INFOPLIST_FILE = JailbreakDetectionSwiftUITests/Info.plist;
				LD_RUNPATH_SEARCH_PATHS = "$(inherited) @executable_path/Frameworks @loader_path/Frameworks";
				PRODUCT_BUNDLE_IDENTIFIER = com.lawz.JailbreakDetectionSwiftUITests;
				PRODUCT_NAME = "$(TARGET_NAME)";
				SWIFT_VERSION = 3.0;
				TEST_TARGET_NAME = JailbreakDetectionSwift;
			};
			name = Debug;
		};
		11FF34EC1E07B28900567BE8 /* Release */ = {
			isa = XCBuildConfiguration;
			buildSettings = {
				ALWAYS_EMBED_SWIFT_STANDARD_LIBRARIES = YES;
				INFOPLIST_FILE = JailbreakDetectionSwiftUITests/Info.plist;
				LD_RUNPATH_SEARCH_PATHS = "$(inherited) @executable_path/Frameworks @loader_path/Frameworks";
				PRODUCT_BUNDLE_IDENTIFIER = com.lawz.JailbreakDetectionSwiftUITests;
				PRODUCT_NAME = "$(TARGET_NAME)";
				SWIFT_VERSION = 3.0;
				TEST_TARGET_NAME = JailbreakDetectionSwift;
			};
			name = Release;
		};
/* End XCBuildConfiguration section */

/* Begin XCConfigurationList section */
		11FF34B71E07B28800567BE8 /* Build configuration list for PBXProject "JailbreakDetectionSwift" */ = {
			isa = XCConfigurationList;
			buildConfigurations = (
				11FF34E21E07B28900567BE8 /* Debug */,
				11FF34E31E07B28900567BE8 /* Release */,
			);
			defaultConfigurationIsVisible = 0;
			defaultConfigurationName = Release;
		};
		11FF34E41E07B28900567BE8 /* Build configuration list for PBXNativeTarget "JailbreakDetectionSwift" */ = {
			isa = XCConfigurationList;
			buildConfigurations = (
				11FF34E51E07B28900567BE8 /* Debug */,
				11FF34E61E07B28900567BE8 /* Release */,
			);
			defaultConfigurationIsVisible = 0;
			defaultConfigurationName = Release;
		};
		11FF34E71E07B28900567BE8 /* Build configuration list for PBXNativeTarget "JailbreakDetectionSwiftTests" */ = {
			isa = XCConfigurationList;
			buildConfigurations = (
				11FF34E81E07B28900567BE8 /* Debug */,
				11FF34E91E07B28900567BE8 /* Release */,
			);
			defaultConfigurationIsVisible = 0;
			defaultConfigurationName = Release;
		};
		11FF34EA1E07B28900567BE8 /* Build configuration list for PBXNativeTarget "JailbreakDetectionSwiftUITests" */ = {
			isa = XCConfigurationList;
			buildConfigurations = (
				11FF34EB1E07B28900567BE8 /* Debug */,
				11FF34EC1E07B28900567BE8 /* Release */,
			);
			defaultConfigurationIsVisible = 0;
			defaultConfigurationName = Release;
		};
/* End XCConfigurationList section */
	};
	rootObject = 11FF34B41E07B28800567BE8 /* Project object */;
}
